
Microsoft Visual Studio Solution File, Format Version 12.00
# Visual Studio Version 16
VisualStudioVersion = 16.0.31515.178
MinimumVisualStudioVersion = 10.0.40219.1
Project("{FAE04EC0-301F-11D3-BF4B-00C04F79EFBC}") = "IndiegalaFreebieNotifier", "IndiegalaFreebieNotifier\IndiegalaFreebieNotifier.csproj", "{B456A127-0EE9-467C-8692-B318E8631F69}"
EndProject
Global
	GlobalSection(SolutionConfigurationPlatforms) = preSolution
		Debug|Any CPU = Debug|Any CPU
		Release|Any CPU = Release|Any CPU
	EndGlobalSection
	GlobalSection(ProjectConfigurationPlatforms) = postSolution
		{B456A127-0EE9-467C-8692-B318E8631F69}.Debug|Any CPU.ActiveCfg = Debug|Any CPU
		{B456A127-0EE9-467C-8692-B318E8631F69}.Debug|Any CPU.Build.0 = Debug|Any CPU
		{B456A127-0EE9-467C-8692-B318E8631F69}.Release|Any CPU.ActiveCfg = Release|Any CPU
		{B456A127-0EE9-467C-8692-B318E8631F69}.Release|Any CPU.Build.0 = Release|Any CPU
	EndGlobalSection
	GlobalSection(SolutionProperties) = preSolution
		HideSolutionNode = FALSE
	EndGlobalSection
	GlobalSection(ExtensibilityGlobals) = postSolution
		SolutionGuid = {C93A4159-37A7-488F-B298-88477F2E8EA7}
	EndGlobalSection
EndGlobal
