
Microsoft Visual Studio Solution File, Format Version 12.00
# Visual Studio Version 17
VisualStudioVersion = 17.0.32112.339
MinimumVisualStudioVersion = 10.0.40219.1
Project("{9A19103F-16F7-4668-BE54-9A1E7A4F7556}") = "IndiegalaFreebieNotifier", "IndiegalaFreebieNotifier\IndiegalaFreebieNotifier.csproj", "{B456A127-0EE9-467C-8692-B318E8631F69}"
EndProject
Project("{2150E333-8FDC-42A3-9474-1A3956D46DE8}") = "Solution Items", "Solution Items", "{498FB8F3-8029-458F-BBE1-3C2BA5643BE6}"
	ProjectSection(SolutionItems) = preProject
		.editorconfig = .editorconfig
	EndProjectSection
EndProject
Global
	GlobalSection(SolutionConfigurationPlatforms) = preSolution
		Debug|Any CPU = Debug|Any CPU
		Release|Any CPU = Release|Any CPU
	EndGlobalSection
	GlobalSection(ProjectConfigurationPlatforms) = postSolution
		{B456A127-0EE9-467C-8692-B318E8631F69}.Debug|Any CPU.ActiveCfg = Debug|Any CPU
		{B456A127-0EE9-467C-8692-B318E8631F69}.Debug|Any CPU.Build.0 = Debug|Any CPU
		{B456A127-0EE9-467C-8692-B318E8631F69}.Release|Any CPU.ActiveCfg = Release|Any CPU
		{B456A127-0EE9-467C-8692-B318E8631F69}.Release|Any CPU.Build.0 = Release|Any CPU
	EndGlobalSection
	GlobalSection(SolutionProperties) = preSolution
		HideSolutionNode = FALSE
	EndGlobalSection
	GlobalSection(ExtensibilityGlobals) = postSolution
		SolutionGuid = {C93A4159-37A7-488F-B298-88477F2E8EA7}
	EndGlobalSection
EndGlobal
